
Microsoft Visual Studio Solution File, Format Version 12.00
# Visual Studio 15
VisualStudioVersion = 15.0.27703.2000
MinimumVisualStudioVersion = 10.0.40219.1
Project("{FAE04EC0-301F-11D3-BF4B-00C04F79EFBC}") = "ExampleService", "ExampleService\ExampleService.csproj", "{6F3287B2-A3E7-4D4D-91EC-B08C51B53272}"
EndProject
Project("{FAE04EC0-301F-11D3-BF4B-00C04F79EFBC}") = "ExampleService.Con", "ExampleService.Con\ExampleService.Con.csproj", "{259FB83A-D958-4767-A7E3-1C40635CD043}"
EndProject
Project("{FAE04EC0-301F-11D3-BF4B-00C04F79EFBC}") = "ExampleService.Srv", "ExampleService.Srv\ExampleService.Srv.csproj", "{D0CE3ACE-6805-468D-B4FA-B4B4D20D8A3D}"
EndProject
Project("{54435603-DBB4-11D2-8724-00A0C9A8B90C}") = "avtrackconsole", "avtrackconsole\avtrackconsole.vdproj", "{5AFC87C1-F588-4A50-B525-66543CD73A73}"
EndProject
Global
	GlobalSection(SolutionConfigurationPlatforms) = preSolution
		Debug|Any CPU = Debug|Any CPU
		Release|Any CPU = Release|Any CPU
	EndGlobalSection
	GlobalSection(ProjectConfigurationPlatforms) = postSolution
		{6F3287B2-A3E7-4D4D-91EC-B08C51B53272}.Debug|Any CPU.ActiveCfg = Debug|Any CPU
		{6F3287B2-A3E7-4D4D-91EC-B08C51B53272}.Debug|Any CPU.Build.0 = Debug|Any CPU
		{6F3287B2-A3E7-4D4D-91EC-B08C51B53272}.Release|Any CPU.ActiveCfg = Release|Any CPU
		{6F3287B2-A3E7-4D4D-91EC-B08C51B53272}.Release|Any CPU.Build.0 = Release|Any CPU
		{259FB83A-D958-4767-A7E3-1C40635CD043}.Debug|Any CPU.ActiveCfg = Debug|Any CPU
		{259FB83A-D958-4767-A7E3-1C40635CD043}.Debug|Any CPU.Build.0 = Debug|Any CPU
		{259FB83A-D958-4767-A7E3-1C40635CD043}.Release|Any CPU.ActiveCfg = Release|Any CPU
		{259FB83A-D958-4767-A7E3-1C40635CD043}.Release|Any CPU.Build.0 = Release|Any CPU
		{D0CE3ACE-6805-468D-B4FA-B4B4D20D8A3D}.Debug|Any CPU.ActiveCfg = Debug|Any CPU
		{D0CE3ACE-6805-468D-B4FA-B4B4D20D8A3D}.Debug|Any CPU.Build.0 = Debug|Any CPU
		{D0CE3ACE-6805-468D-B4FA-B4B4D20D8A3D}.Release|Any CPU.ActiveCfg = Release|Any CPU
		{D0CE3ACE-6805-468D-B4FA-B4B4D20D8A3D}.Release|Any CPU.Build.0 = Release|Any CPU
		{5AFC87C1-F588-4A50-B525-66543CD73A73}.Debug|Any CPU.ActiveCfg = Debug
		{5AFC87C1-F588-4A50-B525-66543CD73A73}.Release|Any CPU.ActiveCfg = Release
	EndGlobalSection
	GlobalSection(SolutionProperties) = preSolution
		HideSolutionNode = FALSE
	EndGlobalSection
	GlobalSection(ExtensibilityGlobals) = postSolution
		SolutionGuid = {4541D35A-D328-498F-8284-2267109074BC}
	EndGlobalSection
EndGlobal
