
Microsoft Visual Studio Solution File, Format Version 12.00
# Visual Studio 15
VisualStudioVersion = 15.0.27703.2026
MinimumVisualStudioVersion = 10.0.40219.1
Project("{FAE04EC0-301F-11D3-BF4B-00C04F79EFBC}") = "HRMS1", "HRMS1\HRMS1.csproj", "{15F84044-321F-418D-9E2A-6826FD19E61A}"
EndProject
Global
	GlobalSection(SolutionConfigurationPlatforms) = preSolution
		Debug|Any CPU = Debug|Any CPU
		Release|Any CPU = Release|Any CPU
	EndGlobalSection
	GlobalSection(ProjectConfigurationPlatforms) = postSolution
		{15F84044-321F-418D-9E2A-6826FD19E61A}.Debug|Any CPU.ActiveCfg = Debug|Any CPU
		{15F84044-321F-418D-9E2A-6826FD19E61A}.Debug|Any CPU.Build.0 = Debug|Any CPU
		{15F84044-321F-418D-9E2A-6826FD19E61A}.Release|Any CPU.ActiveCfg = Release|Any CPU
		{15F84044-321F-418D-9E2A-6826FD19E61A}.Release|Any CPU.Build.0 = Release|Any CPU
	EndGlobalSection
	GlobalSection(SolutionProperties) = preSolution
		HideSolutionNode = FALSE
	EndGlobalSection
	GlobalSection(ExtensibilityGlobals) = postSolution
		SolutionGuid = {C9011072-F57A-40AF-96E3-F217B51C6D30}
	EndGlobalSection
EndGlobal
